
Microsoft Visual Studio Solution File, Format Version 12.00
# Visual Studio 15
VisualStudioVersion = 15.0.27428.2002
MinimumVisualStudioVersion = 10.0.40219.1
Project("{9A19103F-16F7-4668-BE54-9A1E7A4F7556}") = "ShareT.Web", "ShareT.Web\ShareT.Web.csproj", "{A124059A-5E19-4078-BCC5-AB17ADE07D2B}"
EndProject
Project("{9A19103F-16F7-4668-BE54-9A1E7A4F7556}") = "ShareT.Data", "ShareT.Data\ShareT.Data.csproj", "{0BDED2D6-8C55-4AD9-BB83-963DD76770BE}"
EndProject
Project("{9A19103F-16F7-4668-BE54-9A1E7A4F7556}") = "ShareT.Common", "ShareT.Common\ShareT.Common.csproj", "{6564B073-302B-4F20-B813-45DB240A4E2F}"
EndProject
Project("{9A19103F-16F7-4668-BE54-9A1E7A4F7556}") = "ShareT.Service", "ShareT.Service\ShareT.Service.csproj", "{40B189C7-4FF6-4E03-A38C-30E5955F58A9}"
EndProject
Project("{9A19103F-16F7-4668-BE54-9A1E7A4F7556}") = "ShareT.RedisCon", "ShareT.RedisCon\ShareT.RedisCon.csproj", "{C7C88383-FD5C-4FD7-BD26-EB415A63E952}"
EndProject
Project("{9A19103F-16F7-4668-BE54-9A1E7A4F7556}") = "ShareT.MongoDBCon", "ShareT.MongoDBCon\ShareT.MongoDBCon.csproj", "{2460E89D-AC1A-4122-AF36-B75766CD19CC}"
EndProject
Global
	GlobalSection(SolutionConfigurationPlatforms) = preSolution
		Debug|Any CPU = Debug|Any CPU
		Release|Any CPU = Release|Any CPU
	EndGlobalSection
	GlobalSection(ProjectConfigurationPlatforms) = postSolution
		{A124059A-5E19-4078-BCC5-AB17ADE07D2B}.Debug|Any CPU.ActiveCfg = Debug|Any CPU
		{A124059A-5E19-4078-BCC5-AB17ADE07D2B}.Debug|Any CPU.Build.0 = Debug|Any CPU
		{A124059A-5E19-4078-BCC5-AB17ADE07D2B}.Release|Any CPU.ActiveCfg = Release|Any CPU
		{A124059A-5E19-4078-BCC5-AB17ADE07D2B}.Release|Any CPU.Build.0 = Release|Any CPU
		{0BDED2D6-8C55-4AD9-BB83-963DD76770BE}.Debug|Any CPU.ActiveCfg = Debug|Any CPU
		{0BDED2D6-8C55-4AD9-BB83-963DD76770BE}.Debug|Any CPU.Build.0 = Debug|Any CPU
		{0BDED2D6-8C55-4AD9-BB83-963DD76770BE}.Release|Any CPU.ActiveCfg = Release|Any CPU
		{0BDED2D6-8C55-4AD9-BB83-963DD76770BE}.Release|Any CPU.Build.0 = Release|Any CPU
		{6564B073-302B-4F20-B813-45DB240A4E2F}.Debug|Any CPU.ActiveCfg = Debug|Any CPU
		{6564B073-302B-4F20-B813-45DB240A4E2F}.Debug|Any CPU.Build.0 = Debug|Any CPU
		{6564B073-302B-4F20-B813-45DB240A4E2F}.Release|Any CPU.ActiveCfg = Release|Any CPU
		{6564B073-302B-4F20-B813-45DB240A4E2F}.Release|Any CPU.Build.0 = Release|Any CPU
		{40B189C7-4FF6-4E03-A38C-30E5955F58A9}.Debug|Any CPU.ActiveCfg = Debug|Any CPU
		{40B189C7-4FF6-4E03-A38C-30E5955F58A9}.Debug|Any CPU.Build.0 = Debug|Any CPU
		{40B189C7-4FF6-4E03-A38C-30E5955F58A9}.Release|Any CPU.ActiveCfg = Release|Any CPU
		{40B189C7-4FF6-4E03-A38C-30E5955F58A9}.Release|Any CPU.Build.0 = Release|Any CPU
		{C7C88383-FD5C-4FD7-BD26-EB415A63E952}.Debug|Any CPU.ActiveCfg = Debug|Any CPU
		{C7C88383-FD5C-4FD7-BD26-EB415A63E952}.Debug|Any CPU.Build.0 = Debug|Any CPU
		{C7C88383-FD5C-4FD7-BD26-EB415A63E952}.Release|Any CPU.ActiveCfg = Release|Any CPU
		{C7C88383-FD5C-4FD7-BD26-EB415A63E952}.Release|Any CPU.Build.0 = Release|Any CPU
		{2460E89D-AC1A-4122-AF36-B75766CD19CC}.Debug|Any CPU.ActiveCfg = Debug|Any CPU
		{2460E89D-AC1A-4122-AF36-B75766CD19CC}.Debug|Any CPU.Build.0 = Debug|Any CPU
		{2460E89D-AC1A-4122-AF36-B75766CD19CC}.Release|Any CPU.ActiveCfg = Release|Any CPU
		{2460E89D-AC1A-4122-AF36-B75766CD19CC}.Release|Any CPU.Build.0 = Release|Any CPU
	EndGlobalSection
	GlobalSection(SolutionProperties) = preSolution
		HideSolutionNode = FALSE
	EndGlobalSection
	GlobalSection(ExtensibilityGlobals) = postSolution
		SolutionGuid = {4B6F8138-9158-4873-86AF-D692D61E9AD7}
	EndGlobalSection
EndGlobal
